// !$*UTF8*$!
{
	archiveVersion = 1;
	classes = {
	};
	objectVersion = 52;
	objects = {

/* Begin PBXBuildFile section */
		3D05FF4626CCAF4400C5A26B /* NEKit.xcframework in Frameworks */ = {isa = PBXBuildFile; fileRef = 3D05FF4326CCAF4400C5A26B /* NEKit.xcframework */; };
		3D05FF4726CCAF4400C5A26B /* NEKit.xcframework in Embed Frameworks */ = {isa = PBXBuildFile; fileRef = 3D05FF4326CCAF4400C5A26B /* NEKit.xcframework */; settings = {ATTRIBUTES = (CodeSignOnCopy, RemoveHeadersOnCopy, ); }; };
		3D05FF4826CCAF4400C5A26B /* CocoaLumberjackSwift.xcframework in Frameworks */ = {isa = PBXBuildFile; fileRef = 3D05FF4426CCAF4400C5A26B /* CocoaLumberjackSwift.xcframework */; };
		3D05FF4926CCAF4400C5A26B /* CocoaLumberjackSwift.xcframework in Embed Frameworks */ = {isa = PBXBuildFile; fileRef = 3D05FF4426CCAF4400C5A26B /* CocoaLumberjackSwift.xcframework */; settings = {ATTRIBUTES = (CodeSignOnCopy, RemoveHeadersOnCopy, ); }; };
		3D05FF4D26CCAF5F00C5A26B /* NEKit.xcframework in Frameworks */ = {isa = PBXBuildFile; fileRef = 3D05FF4326CCAF4400C5A26B /* NEKit.xcframework */; };
		3D05FF4E26CCAF5F00C5A26B /* NEKit.xcframework in Embed Frameworks */ = {isa = PBXBuildFile; fileRef = 3D05FF4326CCAF4400C5A26B /* NEKit.xcframework */; settings = {ATTRIBUTES = (CodeSignOnCopy, RemoveHeadersOnCopy, ); }; };
		3D05FF5626CCAF8000C5A26B /* Yaml.xcframework in Frameworks */ = {isa = PBXBuildFile; fileRef = 3D05FF5026CCAF8000C5A26B /* Yaml.xcframework */; };
		3D05FF5726CCAF8000C5A26B /* Yaml.xcframework in Embed Frameworks */ = {isa = PBXBuildFile; fileRef = 3D05FF5026CCAF8000C5A26B /* Yaml.xcframework */; settings = {ATTRIBUTES = (CodeSignOnCopy, RemoveHeadersOnCopy, ); }; };
		3D05FF5826CCAF8000C5A26B /* CocoaAsyncSocket.xcframework in Frameworks */ = {isa = PBXBuildFile; fileRef = 3D05FF5126CCAF8000C5A26B /* CocoaAsyncSocket.xcframework */; };
		3D05FF5926CCAF8000C5A26B /* CocoaAsyncSocket.xcframework in Embed Frameworks */ = {isa = PBXBuildFile; fileRef = 3D05FF5126CCAF8000C5A26B /* CocoaAsyncSocket.xcframework */; settings = {ATTRIBUTES = (CodeSignOnCopy, RemoveHeadersOnCopy, ); }; };
		3D05FF5A26CCAF8000C5A26B /* lwip.xcframework in Frameworks */ = {isa = PBXBuildFile; fileRef = 3D05FF5226CCAF8000C5A26B /* lwip.xcframework */; };
		3D05FF5B26CCAF8000C5A26B /* lwip.xcframework in Embed Frameworks */ = {isa = PBXBuildFile; fileRef = 3D05FF5226CCAF8000C5A26B /* lwip.xcframework */; settings = {ATTRIBUTES = (CodeSignOnCopy, RemoveHeadersOnCopy, ); }; };
		3D05FF5C26CCAF8000C5A26B /* Resolver.xcframework in Frameworks */ = {isa = PBXBuildFile; fileRef = 3D05FF5326CCAF8000C5A26B /* Resolver.xcframework */; };
		3D05FF5D26CCAF8000C5A26B /* Resolver.xcframework in Embed Frameworks */ = {isa = PBXBuildFile; fileRef = 3D05FF5326CCAF8000C5A26B /* Resolver.xcframework */; settings = {ATTRIBUTES = (CodeSignOnCopy, RemoveHeadersOnCopy, ); }; };
		3D05FF5E26CCAF8000C5A26B /* tun2socks.xcframework in Frameworks */ = {isa = PBXBuildFile; fileRef = 3D05FF5426CCAF8000C5A26B /* tun2socks.xcframework */; };
		3D05FF5F26CCAF8000C5A26B /* tun2socks.xcframework in Embed Frameworks */ = {isa = PBXBuildFile; fileRef = 3D05FF5426CCAF8000C5A26B /* tun2socks.xcframework */; settings = {ATTRIBUTES = (CodeSignOnCopy, RemoveHeadersOnCopy, ); }; };
		3D05FF6226CCAF9300C5A26B /* CocoaAsyncSocket.xcframework in Frameworks */ = {isa = PBXBuildFile; fileRef = 3D05FF5126CCAF8000C5A26B /* CocoaAsyncSocket.xcframework */; };
		3D05FF6326CCAF9300C5A26B /* CocoaAsyncSocket.xcframework in Embed Frameworks */ = {isa = PBXBuildFile; fileRef = 3D05FF5126CCAF8000C5A26B /* CocoaAsyncSocket.xcframework */; settings = {ATTRIBUTES = (CodeSignOnCopy, RemoveHeadersOnCopy, ); }; };
		3D05FF6426CCAF9300C5A26B /* lwip.xcframework in Frameworks */ = {isa = PBXBuildFile; fileRef = 3D05FF5226CCAF8000C5A26B /* lwip.xcframework */; };
		3D05FF6526CCAF9300C5A26B /* lwip.xcframework in Embed Frameworks */ = {isa = PBXBuildFile; fileRef = 3D05FF5226CCAF8000C5A26B /* lwip.xcframework */; settings = {ATTRIBUTES = (CodeSignOnCopy, RemoveHeadersOnCopy, ); }; };
		3D05FF6826CCAF9300C5A26B /* Resolver.xcframework in Frameworks */ = {isa = PBXBuildFile; fileRef = 3D05FF5326CCAF8000C5A26B /* Resolver.xcframework */; };
		3D05FF6926CCAF9300C5A26B /* Resolver.xcframework in Embed Frameworks */ = {isa = PBXBuildFile; fileRef = 3D05FF5326CCAF8000C5A26B /* Resolver.xcframework */; settings = {ATTRIBUTES = (CodeSignOnCopy, RemoveHeadersOnCopy, ); }; };
		3D05FF6A26CCAF9300C5A26B /* tun2socks.xcframework in Frameworks */ = {isa = PBXBuildFile; fileRef = 3D05FF5426CCAF8000C5A26B /* tun2socks.xcframework */; };
		3D05FF6B26CCAF9300C5A26B /* tun2socks.xcframework in Embed Frameworks */ = {isa = PBXBuildFile; fileRef = 3D05FF5426CCAF8000C5A26B /* tun2socks.xcframework */; settings = {ATTRIBUTES = (CodeSignOnCopy, RemoveHeadersOnCopy, ); }; };
		3D05FF6C26CCAF9300C5A26B /* Yaml.xcframework in Frameworks */ = {isa = PBXBuildFile; fileRef = 3D05FF5026CCAF8000C5A26B /* Yaml.xcframework */; };
		3D05FF6D26CCAF9300C5A26B /* Yaml.xcframework in Embed Frameworks */ = {isa = PBXBuildFile; fileRef = 3D05FF5026CCAF8000C5A26B /* Yaml.xcframework */; settings = {ATTRIBUTES = (CodeSignOnCopy, RemoveHeadersOnCopy, ); }; };
		3D05FF6E26CCAF9700C5A26B /* CocoaLumberjackSwift.xcframework in Frameworks */ = {isa = PBXBuildFile; fileRef = 3D05FF4426CCAF4400C5A26B /* CocoaLumberjackSwift.xcframework */; };
		3D05FF6F26CCAF9700C5A26B /* CocoaLumberjackSwift.xcframework in Embed Frameworks */ = {isa = PBXBuildFile; fileRef = 3D05FF4426CCAF4400C5A26B /* CocoaLumberjackSwift.xcframework */; settings = {ATTRIBUTES = (CodeSignOnCopy, RemoveHeadersOnCopy, ); }; };
		3D05FF7026CCAFC700C5A26B /* CocoaLumberjack.xcframework in Frameworks */ = {isa = PBXBuildFile; fileRef = 3D05FF4526CCAF4400C5A26B /* CocoaLumberjack.xcframework */; };
		3D05FF7126CCAFC700C5A26B /* CocoaLumberjack.xcframework in Embed Frameworks */ = {isa = PBXBuildFile; fileRef = 3D05FF4526CCAF4400C5A26B /* CocoaLumberjack.xcframework */; settings = {ATTRIBUTES = (CodeSignOnCopy, RemoveHeadersOnCopy, ); }; };
		3D1AF4EB23D833160097341B /* LoadingCircle.swift in Sources */ = {isa = PBXBuildFile; fileRef = 3D1AF4EA23D833160097341B /* LoadingCircle.swift */; };
		3D31C17523D008980039F0D7 /* Environment.swift in Sources */ = {isa = PBXBuildFile; fileRef = 3D31C17423D008980039F0D7 /* Environment.swift */; };
		3D31C17623D008980039F0D7 /* Environment.swift in Sources */ = {isa = PBXBuildFile; fileRef = 3D31C17423D008980039F0D7 /* Environment.swift */; };
		3D31C17A23D00AF10039F0D7 /* PromiseKit in Frameworks */ = {isa = PBXBuildFile; productRef = 3D31C17923D00AF10039F0D7 /* PromiseKit */; };
		3D4366FC23D3C16C0011A461 /* EmailLoginView.swift in Sources */ = {isa = PBXBuildFile; fileRef = 3D4366FB23D3C16C0011A461 /* EmailLoginView.swift */; };
		3D549AD9251B0DF300AD5386 /* marketing_beta.txt in Resources */ = {isa = PBXBuildFile; fileRef = 3D549ACB251B0DF200AD5386 /* marketing_beta.txt */; };
		3D549ADA251B0DF300AD5386 /* email_opens.txt in Resources */ = {isa = PBXBuildFile; fileRef = 3D549ACC251B0DF200AD5386 /* email_opens.txt */; };
		3D549ADB251B0DF300AD5386 /* ransomware.txt in Resources */ = {isa = PBXBuildFile; fileRef = 3D549ACD251B0DF200AD5386 /* ransomware.txt */; };
		3D549ADC251B0DF300AD5386 /* general_ads.txt in Resources */ = {isa = PBXBuildFile; fileRef = 3D549ACE251B0DF200AD5386 /* general_ads.txt */; };
		3D549ADD251B0DF300AD5386 /* reporting.txt in Resources */ = {isa = PBXBuildFile; fileRef = 3D549ACF251B0DF200AD5386 /* reporting.txt */; };
		3D549ADE251B0DF300AD5386 /* snapchat_analytics.txt in Resources */ = {isa = PBXBuildFile; fileRef = 3D549AD0251B0DF200AD5386 /* snapchat_analytics.txt */; };
		3D549ADF251B0DF300AD5386 /* crypto_mining.txt in Resources */ = {isa = PBXBuildFile; fileRef = 3D549AD1251B0DF200AD5386 /* crypto_mining.txt */; };
		3D549AE0251B0DF300AD5386 /* facebook_sdk.txt in Resources */ = {isa = PBXBuildFile; fileRef = 3D549AD2251B0DF200AD5386 /* facebook_sdk.txt */; };
		3D549AE1251B0DF300AD5386 /* facebook_inc.txt in Resources */ = {isa = PBXBuildFile; fileRef = 3D549AD3251B0DF200AD5386 /* facebook_inc.txt */; };
		3D549AE2251B0DF300AD5386 /* data_trackers.txt in Resources */ = {isa = PBXBuildFile; fileRef = 3D549AD4251B0DF200AD5386 /* data_trackers.txt */; };
		3D549AE3251B0DF300AD5386 /* google_shopping_ads.txt in Resources */ = {isa = PBXBuildFile; fileRef = 3D549AD5251B0DF200AD5386 /* google_shopping_ads.txt */; };
		3D549AE4251B0DF300AD5386 /* marketing.txt in Resources */ = {isa = PBXBuildFile; fileRef = 3D549AD6251B0DF200AD5386 /* marketing.txt */; };
		3D549AE5251B0DF300AD5386 /* clickbait.txt in Resources */ = {isa = PBXBuildFile; fileRef = 3D549AD7251B0DF300AD5386 /* clickbait.txt */; };
		3D549AE6251B0DF300AD5386 /* game_ads.txt in Resources */ = {isa = PBXBuildFile; fileRef = 3D549AD8251B0DF300AD5386 /* game_ads.txt */; };
		3D5F3ED1237E245700E0AC34 /* FirewallController.swift in Sources */ = {isa = PBXBuildFile; fileRef = 3D5F3ED0237E245700E0AC34 /* FirewallController.swift */; };
		3D5F3EDA237E26BA00E0AC34 /* PacketTunnelProvider.swift in Sources */ = {isa = PBXBuildFile; fileRef = 3D5F3ED9237E26BA00E0AC34 /* PacketTunnelProvider.swift */; };
		3D5F3EDF237E26BA00E0AC34 /* Lockdown Mac Tunnel.appex in Embed App Extensions */ = {isa = PBXBuildFile; fileRef = 3D5F3ED7237E26BA00E0AC34 /* Lockdown Mac Tunnel.appex */; settings = {ATTRIBUTES = (RemoveHeadersOnCopy, ); }; };
		3D6649AB23D2BA8400389AE3 /* LockdownObserverFactory.swift in Sources */ = {isa = PBXBuildFile; fileRef = 3D6649AA23D2BA8400389AE3 /* LockdownObserverFactory.swift */; };
		3D6649AC23D2BA8400389AE3 /* LockdownObserverFactory.swift in Sources */ = {isa = PBXBuildFile; fileRef = 3D6649AA23D2BA8400389AE3 /* LockdownObserverFactory.swift */; };
		3D6649AE23D2BAFD00389AE3 /* BlockMetricsView.swift in Sources */ = {isa = PBXBuildFile; fileRef = 3D6649AD23D2BAFD00389AE3 /* BlockMetricsView.swift */; };
		3D7BAEC423D1165400CF5299 /* Montserrat-Bold.ttf in Resources */ = {isa = PBXBuildFile; fileRef = 3D7BAEBB23D1162000CF5299 /* Montserrat-Bold.ttf */; };
		3D7BAEC523D1165900CF5299 /* Montserrat-Light.ttf in Resources */ = {isa = PBXBuildFile; fileRef = 3D7BAEB923D1162000CF5299 /* Montserrat-Light.ttf */; };
		3D7BAEC623D1165900CF5299 /* Montserrat-Medium.ttf in Resources */ = {isa = PBXBuildFile; fileRef = 3D7BAEBA23D1162000CF5299 /* Montserrat-Medium.ttf */; };
		3D7BAEC723D1165900CF5299 /* Montserrat-Regular.ttf in Resources */ = {isa = PBXBuildFile; fileRef = 3D7BAEBD23D1162000CF5299 /* Montserrat-Regular.ttf */; };
		3D7BAEC823D1165900CF5299 /* Montserrat-SemiBold.ttf in Resources */ = {isa = PBXBuildFile; fileRef = 3D7BAEB823D1162000CF5299 /* Montserrat-SemiBold.ttf */; };
		3D7BAEC923D1165900CF5299 /* Montserrat-Thin.ttf in Resources */ = {isa = PBXBuildFile; fileRef = 3D7BAEBC23D1162000CF5299 /* Montserrat-Thin.ttf */; };
		3D7BAECC23D1539E00CF5299 /* Client.swift in Sources */ = {isa = PBXBuildFile; fileRef = 3D7BAECA23D1539E00CF5299 /* Client.swift */; };
		3D7BAECD23D1539E00CF5299 /* ClientModels.swift in Sources */ = {isa = PBXBuildFile; fileRef = 3D7BAECB23D1539E00CF5299 /* ClientModels.swift */; };
		3D7BAED023D15CB700CF5299 /* PMKFoundation in Frameworks */ = {isa = PBXBuildFile; productRef = 3D7BAECF23D15CB700CF5299 /* PMKFoundation */; };
		3D7CCD11239B177D00A5E0F2 /* BlockLogView.swift in Sources */ = {isa = PBXBuildFile; fileRef = 3D7CCD10239B177D00A5E0F2 /* BlockLogView.swift */; };
		3D7CCD13239B28E100A5E0F2 /* BlockListsView.swift in Sources */ = {isa = PBXBuildFile; fileRef = 3D7CCD12239B28E100A5E0F2 /* BlockListsView.swift */; };
		3D7DC79823D919680082AB66 /* SetRegionView.swift in Sources */ = {isa = PBXBuildFile; fileRef = 3D7DC79723D919680082AB66 /* SetRegionView.swift */; };
		3D7DC79D23D922690082AB66 /* SF-Pro-Rounded-Semibold.otf in Resources */ = {isa = PBXBuildFile; fileRef = 3D7DC79923D922690082AB66 /* SF-Pro-Rounded-Semibold.otf */; };
		3D7DC79E23D922690082AB66 /* SF-Pro-Rounded-Bold.otf in Resources */ = {isa = PBXBuildFile; fileRef = 3D7DC79A23D922690082AB66 /* SF-Pro-Rounded-Bold.otf */; };
		3D7DC79F23D922690082AB66 /* SF-Pro-Rounded-Medium.otf in Resources */ = {isa = PBXBuildFile; fileRef = 3D7DC79B23D922690082AB66 /* SF-Pro-Rounded-Medium.otf */; };
		3D7DC7A023D922690082AB66 /* SF-Pro-Rounded-Regular.otf in Resources */ = {isa = PBXBuildFile; fileRef = 3D7DC79C23D922690082AB66 /* SF-Pro-Rounded-Regular.otf */; };
		3D7DC7A223D938ED0082AB66 /* WhitelistView.swift in Sources */ = {isa = PBXBuildFile; fileRef = 3D7DC7A123D938ED0082AB66 /* WhitelistView.swift */; };
		3D7DC7A423D9484C0082AB66 /* MenuView.swift in Sources */ = {isa = PBXBuildFile; fileRef = 3D7DC7A323D9484C0082AB66 /* MenuView.swift */; };
		3D82878823D0044A00DFFFC2 /* VPNController.swift in Sources */ = {isa = PBXBuildFile; fileRef = 3D82878723D0044A00DFFFC2 /* VPNController.swift */; };
		3D82878B23D0064300DFFFC2 /* KeychainAccess in Frameworks */ = {isa = PBXBuildFile; productRef = 3D82878A23D0064300DFFFC2 /* KeychainAccess */; };
		3D8A1F51237F74B30019AAE2 /* NetworkExtension.framework in Frameworks */ = {isa = PBXBuildFile; fileRef = A1769109207FCD1F00CAF05C /* NetworkExtension.framework */; };
		3D8ED4B52399EA5A003F487E /* DomainsModalView.swift in Sources */ = {isa = PBXBuildFile; fileRef = 3D8ED4B42399EA5A003F487E /* DomainsModalView.swift */; };
		3D8ED4B92399EB1E003F487E /* Shared.swift in Sources */ = {isa = PBXBuildFile; fileRef = 3D8ED4B82399EB1E003F487E /* Shared.swift */; };
		3D8ED4BA239A221D003F487E /* Shared.swift in Sources */ = {isa = PBXBuildFile; fileRef = 3D8ED4B82399EB1E003F487E /* Shared.swift */; };
		3D8ED4BC239A2322003F487E /* CloudKit.framework in Frameworks */ = {isa = PBXBuildFile; fileRef = 3D8ED4BB239A2322003F487E /* CloudKit.framework */; };
		3D929E852421534D00BF397F /* AppDelegate.swift in Sources */ = {isa = PBXBuildFile; fileRef = 3D929E842421534D00BF397F /* AppDelegate.swift */; };
		3D929E892421534F00BF397F /* Assets.xcassets in Resources */ = {isa = PBXBuildFile; fileRef = 3D929E882421534F00BF397F /* Assets.xcassets */; };
		3D929E8C2421534F00BF397F /* Main.storyboard in Resources */ = {isa = PBXBuildFile; fileRef = 3D929E8A2421534F00BF397F /* Main.storyboard */; };
		3D929E952421543100BF397F /* LockdownMacLauncher.app in CopyFiles */ = {isa = PBXBuildFile; fileRef = 3D929E822421534D00BF397F /* LockdownMacLauncher.app */; settings = {ATTRIBUTES = (RemoveHeadersOnCopy, ); }; };
		3D929E972421544300BF397F /* ServiceManagement.framework in Frameworks */ = {isa = PBXBuildFile; fileRef = 3D929E962421544200BF397F /* ServiceManagement.framework */; };
		3D96CD1023984C48007F5C3C /* ContentView.swift in Sources */ = {isa = PBXBuildFile; fileRef = 3D96CD0F23984C48007F5C3C /* ContentView.swift */; };
		3D96CD1223986232007F5C3C /* Main.storyboard in Resources */ = {isa = PBXBuildFile; fileRef = 3D96CD11239861D7007F5C3C /* Main.storyboard */; };
		3D96CD8223989350007F5C3C /* FirewallUtilities.swift in Sources */ = {isa = PBXBuildFile; fileRef = 3D96CD8123989350007F5C3C /* FirewallUtilities.swift */; };
		3D96CD8323989350007F5C3C /* FirewallUtilities.swift in Sources */ = {isa = PBXBuildFile; fileRef = 3D96CD8123989350007F5C3C /* FirewallUtilities.swift */; };
		3D99DB7A26392FF90005CDB6 /* amazon_trackers.txt in Resources */ = {isa = PBXBuildFile; fileRef = 3DA56404263927E300C9D606 /* amazon_trackers.txt */; };
		3DC605E623EE3BD900B30DB3 /* LocalLogger.swift in Sources */ = {isa = PBXBuildFile; fileRef = 3DC605E523EE3BD900B30DB3 /* LocalLogger.swift */; };
		3DD1907D2436B81300DFC597 /* KeychainAccess in Frameworks */ = {isa = PBXBuildFile; productRef = 3DD1907C2436B81300DFC597 /* KeychainAccess */; };
		A11070EE207FD0AA00306CE5 /* NetworkExtension.framework in Frameworks */ = {isa = PBXBuildFile; fileRef = A1769109207FCD1F00CAF05C /* NetworkExtension.framework */; };
		A1769105207FA2F600CAF05C /* LICENSE.md in Resources */ = {isa = PBXBuildFile; fileRef = A1769104207FA2F600CAF05C /* LICENSE.md */; };
		A19192171F44E8390071FF62 /* AppDelegate.swift in Sources */ = {isa = PBXBuildFile; fileRef = A19192161F44E8390071FF62 /* AppDelegate.swift */; };
		A191921B1F44E8390071FF62 /* Assets.xcassets in Resources */ = {isa = PBXBuildFile; fileRef = A191921A1F44E8390071FF62 /* Assets.xcassets */; };
/* End PBXBuildFile section */

/* Begin PBXContainerItemProxy section */
		3D5F3EDD237E26BA00E0AC34 /* PBXContainerItemProxy */ = {
			isa = PBXContainerItemProxy;
			containerPortal = A191920B1F44E8390071FF62 /* Project object */;
			proxyType = 1;
			remoteGlobalIDString = 3D5F3ED6237E26BA00E0AC34;
			remoteInfo = "Lockdown Mac Tunnel";
		};
/* End PBXContainerItemProxy section */

/* Begin PBXCopyFilesBuildPhase section */
		3D05FF4C26CCAF4400C5A26B /* Embed Frameworks */ = {
			isa = PBXCopyFilesBuildPhase;
			buildActionMask = 2147483647;
			dstPath = "";
			dstSubfolderSpec = 10;
			files = (
				3D05FF5F26CCAF8000C5A26B /* tun2socks.xcframework in Embed Frameworks */,
				3D05FF5B26CCAF8000C5A26B /* lwip.xcframework in Embed Frameworks */,
				3D05FF5D26CCAF8000C5A26B /* Resolver.xcframework in Embed Frameworks */,
				3D05FF7126CCAFC700C5A26B /* CocoaLumberjack.xcframework in Embed Frameworks */,
				3D05FF4926CCAF4400C5A26B /* CocoaLumberjackSwift.xcframework in Embed Frameworks */,
				3D05FF5726CCAF8000C5A26B /* Yaml.xcframework in Embed Frameworks */,
				3D05FF5926CCAF8000C5A26B /* CocoaAsyncSocket.xcframework in Embed Frameworks */,
				3D05FF4726CCAF4400C5A26B /* NEKit.xcframework in Embed Frameworks */,
			);
			name = "Embed Frameworks";
			runOnlyForDeploymentPostprocessing = 0;
		};
		3D05FF4F26CCAF5F00C5A26B /* Embed Frameworks */ = {
			isa = PBXCopyFilesBuildPhase;
			buildActionMask = 2147483647;
			dstPath = "";
			dstSubfolderSpec = 10;
			files = (
				3D05FF6D26CCAF9300C5A26B /* Yaml.xcframework in Embed Frameworks */,
				3D05FF4E26CCAF5F00C5A26B /* NEKit.xcframework in Embed Frameworks */,
				3D05FF6F26CCAF9700C5A26B /* CocoaLumberjackSwift.xcframework in Embed Frameworks */,
				3D05FF6526CCAF9300C5A26B /* lwip.xcframework in Embed Frameworks */,
				3D05FF6B26CCAF9300C5A26B /* tun2socks.xcframework in Embed Frameworks */,
				3D05FF6926CCAF9300C5A26B /* Resolver.xcframework in Embed Frameworks */,
				3D05FF6326CCAF9300C5A26B /* CocoaAsyncSocket.xcframework in Embed Frameworks */,
			);
			name = "Embed Frameworks";
			runOnlyForDeploymentPostprocessing = 0;
		};
		3D929E942421541E00BF397F /* CopyFiles */ = {
			isa = PBXCopyFilesBuildPhase;
			buildActionMask = 2147483647;
			dstPath = Contents/Library/LoginItems;
			dstSubfolderSpec = 1;
			files = (
				3D929E952421543100BF397F /* LockdownMacLauncher.app in CopyFiles */,
			);
			runOnlyForDeploymentPostprocessing = 0;
		};
		A1BA1EB92072C05A00DADDEC /* Embed App Extensions */ = {
			isa = PBXCopyFilesBuildPhase;
			buildActionMask = 2147483647;
			dstPath = "";
			dstSubfolderSpec = 13;
			files = (
				3D5F3EDF237E26BA00E0AC34 /* Lockdown Mac Tunnel.appex in Embed App Extensions */,
			);
			name = "Embed App Extensions";
			runOnlyForDeploymentPostprocessing = 0;
		};
/* End PBXCopyFilesBuildPhase section */

/* Begin PBXFileReference section */
		3D05FF4326CCAF4400C5A26B /* NEKit.xcframework */ = {isa = PBXFileReference; lastKnownFileType = wrapper.xcframework; name = NEKit.xcframework; path = Carthage/Build/NEKit.xcframework; sourceTree = "<group>"; };
		3D05FF4426CCAF4400C5A26B /* CocoaLumberjackSwift.xcframework */ = {isa = PBXFileReference; lastKnownFileType = wrapper.xcframework; name = CocoaLumberjackSwift.xcframework; path = Carthage/Build/CocoaLumberjackSwift.xcframework; sourceTree = "<group>"; };
		3D05FF4526CCAF4400C5A26B /* CocoaLumberjack.xcframework */ = {isa = PBXFileReference; lastKnownFileType = wrapper.xcframework; name = CocoaLumberjack.xcframework; path = Carthage/Build/CocoaLumberjack.xcframework; sourceTree = "<group>"; };
		3D05FF5026CCAF8000C5A26B /* Yaml.xcframework */ = {isa = PBXFileReference; lastKnownFileType = wrapper.xcframework; name = Yaml.xcframework; path = Carthage/Build/Yaml.xcframework; sourceTree = "<group>"; };
		3D05FF5126CCAF8000C5A26B /* CocoaAsyncSocket.xcframework */ = {isa = PBXFileReference; lastKnownFileType = wrapper.xcframework; name = CocoaAsyncSocket.xcframework; path = Carthage/Build/CocoaAsyncSocket.xcframework; sourceTree = "<group>"; };
		3D05FF5226CCAF8000C5A26B /* lwip.xcframework */ = {isa = PBXFileReference; lastKnownFileType = wrapper.xcframework; name = lwip.xcframework; path = Carthage/Build/lwip.xcframework; sourceTree = "<group>"; };
		3D05FF5326CCAF8000C5A26B /* Resolver.xcframework */ = {isa = PBXFileReference; lastKnownFileType = wrapper.xcframework; name = Resolver.xcframework; path = Carthage/Build/Resolver.xcframework; sourceTree = "<group>"; };
		3D05FF5426CCAF8000C5A26B /* tun2socks.xcframework */ = {isa = PBXFileReference; lastKnownFileType = wrapper.xcframework; name = tun2socks.xcframework; path = Carthage/Build/tun2socks.xcframework; sourceTree = "<group>"; };
		3D05FF5526CCAF8000C5A26B /* MMDB.xcframework */ = {isa = PBXFileReference; lastKnownFileType = wrapper.xcframework; name = MMDB.xcframework; path = Carthage/Build/MMDB.xcframework; sourceTree = "<group>"; };
		3D1AF4EA23D833160097341B /* LoadingCircle.swift */ = {isa = PBXFileReference; lastKnownFileType = sourcecode.swift; path = LoadingCircle.swift; sourceTree = "<group>"; };
		3D31C17423D008980039F0D7 /* Environment.swift */ = {isa = PBXFileReference; fileEncoding = 4; lastKnownFileType = sourcecode.swift; path = Environment.swift; sourceTree = "<group>"; };
		3D4366FB23D3C16C0011A461 /* EmailLoginView.swift */ = {isa = PBXFileReference; lastKnownFileType = sourcecode.swift; path = EmailLoginView.swift; sourceTree = "<group>"; };
		3D549ACB251B0DF200AD5386 /* marketing_beta.txt */ = {isa = PBXFileReference; fileEncoding = 4; lastKnownFileType = text; path = marketing_beta.txt; sourceTree = "<group>"; };
		3D549ACC251B0DF200AD5386 /* email_opens.txt */ = {isa = PBXFileReference; fileEncoding = 4; lastKnownFileType = text; path = email_opens.txt; sourceTree = "<group>"; };
		3D549ACD251B0DF200AD5386 /* ransomware.txt */ = {isa = PBXFileReference; fileEncoding = 4; lastKnownFileType = text; path = ransomware.txt; sourceTree = "<group>"; };
		3D549ACE251B0DF200AD5386 /* general_ads.txt */ = {isa = PBXFileReference; fileEncoding = 4; lastKnownFileType = text; path = general_ads.txt; sourceTree = "<group>"; };
		3D549ACF251B0DF200AD5386 /* reporting.txt */ = {isa = PBXFileReference; fileEncoding = 4; lastKnownFileType = text; path = reporting.txt; sourceTree = "<group>"; };
		3D549AD0251B0DF200AD5386 /* snapchat_analytics.txt */ = {isa = PBXFileReference; fileEncoding = 4; lastKnownFileType = text; path = snapchat_analytics.txt; sourceTree = "<group>"; };
		3D549AD1251B0DF200AD5386 /* crypto_mining.txt */ = {isa = PBXFileReference; fileEncoding = 4; lastKnownFileType = text; path = crypto_mining.txt; sourceTree = "<group>"; };
		3D549AD2251B0DF200AD5386 /* facebook_sdk.txt */ = {isa = PBXFileReference; fileEncoding = 4; lastKnownFileType = text; path = facebook_sdk.txt; sourceTree = "<group>"; };
		3D549AD3251B0DF200AD5386 /* facebook_inc.txt */ = {isa = PBXFileReference; fileEncoding = 4; lastKnownFileType = text; path = facebook_inc.txt; sourceTree = "<group>"; };
		3D549AD4251B0DF200AD5386 /* data_trackers.txt */ = {isa = PBXFileReference; fileEncoding = 4; lastKnownFileType = text; path = data_trackers.txt; sourceTree = "<group>"; };
		3D549AD5251B0DF200AD5386 /* google_shopping_ads.txt */ = {isa = PBXFileReference; fileEncoding = 4; lastKnownFileType = text; path = google_shopping_ads.txt; sourceTree = "<group>"; };
		3D549AD6251B0DF200AD5386 /* marketing.txt */ = {isa = PBXFileReference; fileEncoding = 4; lastKnownFileType = text; path = marketing.txt; sourceTree = "<group>"; };
		3D549AD7251B0DF300AD5386 /* clickbait.txt */ = {isa = PBXFileReference; fileEncoding = 4; lastKnownFileType = text; path = clickbait.txt; sourceTree = "<group>"; };
		3D549AD8251B0DF300AD5386 /* game_ads.txt */ = {isa = PBXFileReference; fileEncoding = 4; lastKnownFileType = text; path = game_ads.txt; sourceTree = "<group>"; };
		3D5F3ED0237E245700E0AC34 /* FirewallController.swift */ = {isa = PBXFileReference; fileEncoding = 4; lastKnownFileType = sourcecode.swift; path = FirewallController.swift; sourceTree = "<group>"; };
		3D5F3ED7237E26BA00E0AC34 /* Lockdown Mac Tunnel.appex */ = {isa = PBXFileReference; explicitFileType = "wrapper.app-extension"; includeInIndex = 0; path = "Lockdown Mac Tunnel.appex"; sourceTree = BUILT_PRODUCTS_DIR; };
		3D5F3ED9237E26BA00E0AC34 /* PacketTunnelProvider.swift */ = {isa = PBXFileReference; lastKnownFileType = sourcecode.swift; path = PacketTunnelProvider.swift; sourceTree = "<group>"; };
		3D5F3EDB237E26BA00E0AC34 /* Info.plist */ = {isa = PBXFileReference; lastKnownFileType = text.plist.xml; path = Info.plist; sourceTree = "<group>"; };
		3D5F3EDC237E26BA00E0AC34 /* Lockdown_Mac_Tunnel.entitlements */ = {isa = PBXFileReference; lastKnownFileType = text.plist.entitlements; path = Lockdown_Mac_Tunnel.entitlements; sourceTree = "<group>"; };
		3D6649AA23D2BA8400389AE3 /* LockdownObserverFactory.swift */ = {isa = PBXFileReference; lastKnownFileType = sourcecode.swift; path = LockdownObserverFactory.swift; sourceTree = "<group>"; };
		3D6649AD23D2BAFD00389AE3 /* BlockMetricsView.swift */ = {isa = PBXFileReference; lastKnownFileType = sourcecode.swift; path = BlockMetricsView.swift; sourceTree = "<group>"; };
		3D7BAEB823D1162000CF5299 /* Montserrat-SemiBold.ttf */ = {isa = PBXFileReference; lastKnownFileType = file; path = "Montserrat-SemiBold.ttf"; sourceTree = "<group>"; };
		3D7BAEB923D1162000CF5299 /* Montserrat-Light.ttf */ = {isa = PBXFileReference; lastKnownFileType = file; path = "Montserrat-Light.ttf"; sourceTree = "<group>"; };
		3D7BAEBA23D1162000CF5299 /* Montserrat-Medium.ttf */ = {isa = PBXFileReference; lastKnownFileType = file; path = "Montserrat-Medium.ttf"; sourceTree = "<group>"; };
		3D7BAEBB23D1162000CF5299 /* Montserrat-Bold.ttf */ = {isa = PBXFileReference; lastKnownFileType = file; path = "Montserrat-Bold.ttf"; sourceTree = "<group>"; };
		3D7BAEBC23D1162000CF5299 /* Montserrat-Thin.ttf */ = {isa = PBXFileReference; lastKnownFileType = file; path = "Montserrat-Thin.ttf"; sourceTree = "<group>"; };
		3D7BAEBD23D1162000CF5299 /* Montserrat-Regular.ttf */ = {isa = PBXFileReference; lastKnownFileType = file; path = "Montserrat-Regular.ttf"; sourceTree = "<group>"; };
		3D7BAECA23D1539E00CF5299 /* Client.swift */ = {isa = PBXFileReference; fileEncoding = 4; lastKnownFileType = sourcecode.swift; path = Client.swift; sourceTree = "<group>"; };
		3D7BAECB23D1539E00CF5299 /* ClientModels.swift */ = {isa = PBXFileReference; fileEncoding = 4; lastKnownFileType = sourcecode.swift; path = ClientModels.swift; sourceTree = "<group>"; };
		3D7CCD10239B177D00A5E0F2 /* BlockLogView.swift */ = {isa = PBXFileReference; lastKnownFileType = sourcecode.swift; path = BlockLogView.swift; sourceTree = "<group>"; };
		3D7CCD12239B28E100A5E0F2 /* BlockListsView.swift */ = {isa = PBXFileReference; lastKnownFileType = sourcecode.swift; path = BlockListsView.swift; sourceTree = "<group>"; };
		3D7DC79723D919680082AB66 /* SetRegionView.swift */ = {isa = PBXFileReference; lastKnownFileType = sourcecode.swift; path = SetRegionView.swift; sourceTree = "<group>"; };
		3D7DC79923D922690082AB66 /* SF-Pro-Rounded-Semibold.otf */ = {isa = PBXFileReference; lastKnownFileType = file; path = "SF-Pro-Rounded-Semibold.otf"; sourceTree = "<group>"; };
		3D7DC79A23D922690082AB66 /* SF-Pro-Rounded-Bold.otf */ = {isa = PBXFileReference; lastKnownFileType = file; path = "SF-Pro-Rounded-Bold.otf"; sourceTree = "<group>"; };
		3D7DC79B23D922690082AB66 /* SF-Pro-Rounded-Medium.otf */ = {isa = PBXFileReference; lastKnownFileType = file; path = "SF-Pro-Rounded-Medium.otf"; sourceTree = "<group>"; };
		3D7DC79C23D922690082AB66 /* SF-Pro-Rounded-Regular.otf */ = {isa = PBXFileReference; lastKnownFileType = file; path = "SF-Pro-Rounded-Regular.otf"; sourceTree = "<group>"; };
		3D7DC7A123D938ED0082AB66 /* WhitelistView.swift */ = {isa = PBXFileReference; lastKnownFileType = sourcecode.swift; path = WhitelistView.swift; sourceTree = "<group>"; };
		3D7DC7A323D9484C0082AB66 /* MenuView.swift */ = {isa = PBXFileReference; lastKnownFileType = sourcecode.swift; path = MenuView.swift; sourceTree = "<group>"; };
		3D82878723D0044A00DFFFC2 /* VPNController.swift */ = {isa = PBXFileReference; lastKnownFileType = sourcecode.swift; path = VPNController.swift; sourceTree = "<group>"; };
		3D8ED4B42399EA5A003F487E /* DomainsModalView.swift */ = {isa = PBXFileReference; lastKnownFileType = sourcecode.swift; path = DomainsModalView.swift; sourceTree = "<group>"; };
		3D8ED4B82399EB1E003F487E /* Shared.swift */ = {isa = PBXFileReference; lastKnownFileType = sourcecode.swift; path = Shared.swift; sourceTree = "<group>"; };
		3D8ED4BB239A2322003F487E /* CloudKit.framework */ = {isa = PBXFileReference; lastKnownFileType = wrapper.framework; name = CloudKit.framework; path = System/Library/Frameworks/CloudKit.framework; sourceTree = SDKROOT; };
		3D929E822421534D00BF397F /* LockdownMacLauncher.app */ = {isa = PBXFileReference; explicitFileType = wrapper.application; includeInIndex = 0; path = LockdownMacLauncher.app; sourceTree = BUILT_PRODUCTS_DIR; };
		3D929E842421534D00BF397F /* AppDelegate.swift */ = {isa = PBXFileReference; lastKnownFileType = sourcecode.swift; path = AppDelegate.swift; sourceTree = "<group>"; };
		3D929E882421534F00BF397F /* Assets.xcassets */ = {isa = PBXFileReference; lastKnownFileType = folder.assetcatalog; path = Assets.xcassets; sourceTree = "<group>"; };
		3D929E8B2421534F00BF397F /* Base */ = {isa = PBXFileReference; lastKnownFileType = file.storyboard; name = Base; path = Base.lproj/Main.storyboard; sourceTree = "<group>"; };
		3D929E8D2421534F00BF397F /* Info.plist */ = {isa = PBXFileReference; lastKnownFileType = text.plist.xml; path = Info.plist; sourceTree = "<group>"; };
		3D929E8E2421534F00BF397F /* LockdownMacLauncher.entitlements */ = {isa = PBXFileReference; lastKnownFileType = text.plist.entitlements; path = LockdownMacLauncher.entitlements; sourceTree = "<group>"; };
		3D929E962421544200BF397F /* ServiceManagement.framework */ = {isa = PBXFileReference; lastKnownFileType = wrapper.framework; name = ServiceManagement.framework; path = System/Library/Frameworks/ServiceManagement.framework; sourceTree = SDKROOT; };
		3D96CD0F23984C48007F5C3C /* ContentView.swift */ = {isa = PBXFileReference; fileEncoding = 4; lastKnownFileType = sourcecode.swift; path = ContentView.swift; sourceTree = "<group>"; };
		3D96CD11239861D7007F5C3C /* Main.storyboard */ = {isa = PBXFileReference; lastKnownFileType = file.storyboard; path = Main.storyboard; sourceTree = "<group>"; };
		3D96CD8123989350007F5C3C /* FirewallUtilities.swift */ = {isa = PBXFileReference; lastKnownFileType = sourcecode.swift; path = FirewallUtilities.swift; sourceTree = "<group>"; };
		3DA56404263927E300C9D606 /* amazon_trackers.txt */ = {isa = PBXFileReference; lastKnownFileType = text; path = amazon_trackers.txt; sourceTree = "<group>"; };
		3DC605E523EE3BD900B30DB3 /* LocalLogger.swift */ = {isa = PBXFileReference; lastKnownFileType = sourcecode.swift; path = LocalLogger.swift; sourceTree = "<group>"; };
		A1769104207FA2F600CAF05C /* LICENSE.md */ = {isa = PBXFileReference; fileEncoding = 4; lastKnownFileType = net.daringfireball.markdown; path = LICENSE.md; sourceTree = "<group>"; };
		A1769109207FCD1F00CAF05C /* NetworkExtension.framework */ = {isa = PBXFileReference; lastKnownFileType = wrapper.framework; name = NetworkExtension.framework; path = System/Library/Frameworks/NetworkExtension.framework; sourceTree = SDKROOT; };
		A18767BC1FC5273100869A94 /* LockdownMac.entitlements */ = {isa = PBXFileReference; lastKnownFileType = text.plist.entitlements; path = LockdownMac.entitlements; sourceTree = "<group>"; };
		A19192131F44E8390071FF62 /* Lockdown.app */ = {isa = PBXFileReference; explicitFileType = wrapper.application; includeInIndex = 0; path = Lockdown.app; sourceTree = BUILT_PRODUCTS_DIR; };
		A19192161F44E8390071FF62 /* AppDelegate.swift */ = {isa = PBXFileReference; lastKnownFileType = sourcecode.swift; path = AppDelegate.swift; sourceTree = "<group>"; };
		A191921A1F44E8390071FF62 /* Assets.xcassets */ = {isa = PBXFileReference; lastKnownFileType = folder.assetcatalog; path = Assets.xcassets; sourceTree = "<group>"; };
		A191921F1F44E8390071FF62 /* Info.plist */ = {isa = PBXFileReference; lastKnownFileType = text.plist.xml; path = Info.plist; sourceTree = "<group>"; };
		A1BA1EBB2072C15D00DADDEC /* tun2socks.framework */ = {isa = PBXFileReference; lastKnownFileType = wrapper.framework; name = tun2socks.framework; path = Carthage/Build/Mac/tun2socks.framework; sourceTree = "<group>"; };
		A1BA1EBC2072C15D00DADDEC /* MMDB.framework */ = {isa = PBXFileReference; lastKnownFileType = wrapper.framework; name = MMDB.framework; path = Carthage/Build/Mac/MMDB.framework; sourceTree = "<group>"; };
		A1BA1EBD2072C15D00DADDEC /* NEKit.framework */ = {isa = PBXFileReference; lastKnownFileType = wrapper.framework; name = NEKit.framework; path = Carthage/Build/Mac/NEKit.framework; sourceTree = "<group>"; };
		A1BA1EBE2072C15D00DADDEC /* CocoaLumberjack.framework */ = {isa = PBXFileReference; lastKnownFileType = wrapper.framework; name = CocoaLumberjack.framework; path = Carthage/Build/Mac/CocoaLumberjack.framework; sourceTree = "<group>"; };
		A1BA1EBF2072C15D00DADDEC /* CocoaLumberjackSwift.framework */ = {isa = PBXFileReference; lastKnownFileType = wrapper.framework; name = CocoaLumberjackSwift.framework; path = Carthage/Build/Mac/CocoaLumberjackSwift.framework; sourceTree = "<group>"; };
		A1BA1EC02072C15D00DADDEC /* Resolver.framework */ = {isa = PBXFileReference; lastKnownFileType = wrapper.framework; name = Resolver.framework; path = Carthage/Build/Mac/Resolver.framework; sourceTree = "<group>"; };
		A1BA1EC12072C15D00DADDEC /* Sodium.framework */ = {isa = PBXFileReference; lastKnownFileType = wrapper.framework; name = Sodium.framework; path = Carthage/Build/Mac/Sodium.framework; sourceTree = "<group>"; };
		A1BA1EC22072C15D00DADDEC /* Yaml.framework */ = {isa = PBXFileReference; lastKnownFileType = wrapper.framework; name = Yaml.framework; path = Carthage/Build/Mac/Yaml.framework; sourceTree = "<group>"; };
		A1BA1EC32072C15E00DADDEC /* CocoaAsyncSocket.framework */ = {isa = PBXFileReference; lastKnownFileType = wrapper.framework; name = CocoaAsyncSocket.framework; path = Carthage/Build/Mac/CocoaAsyncSocket.framework; sourceTree = "<group>"; };
		A1BA1EC42072C15E00DADDEC /* lwip.framework */ = {isa = PBXFileReference; lastKnownFileType = wrapper.framework; name = lwip.framework; path = Carthage/Build/Mac/lwip.framework; sourceTree = "<group>"; };
		A1D85F11207D05CB00B766E0 /* Cocoa.framework */ = {isa = PBXFileReference; lastKnownFileType = wrapper.framework; name = Cocoa.framework; path = System/Library/Frameworks/Cocoa.framework; sourceTree = SDKROOT; };
/* End PBXFileReference section */

/* Begin PBXFrameworksBuildPhase section */
		3D5F3ED4237E26BA00E0AC34 /* Frameworks */ = {
			isa = PBXFrameworksBuildPhase;
			buildActionMask = 2147483647;
			files = (
				3DD1907D2436B81300DFC597 /* KeychainAccess in Frameworks */,
				3D05FF6426CCAF9300C5A26B /* lwip.xcframework in Frameworks */,
				3D8ED4BC239A2322003F487E /* CloudKit.framework in Frameworks */,
				3D8A1F51237F74B30019AAE2 /* NetworkExtension.framework in Frameworks */,
				3D05FF6226CCAF9300C5A26B /* CocoaAsyncSocket.xcframework in Frameworks */,
				3D05FF6A26CCAF9300C5A26B /* tun2socks.xcframework in Frameworks */,
				3D05FF6E26CCAF9700C5A26B /* CocoaLumberjackSwift.xcframework in Frameworks */,
				3D05FF6C26CCAF9300C5A26B /* Yaml.xcframework in Frameworks */,
				3D05FF6826CCAF9300C5A26B /* Resolver.xcframework in Frameworks */,
				3D05FF4D26CCAF5F00C5A26B /* NEKit.xcframework in Frameworks */,
			);
			runOnlyForDeploymentPostprocessing = 0;
		};
		3D929E7F2421534D00BF397F /* Frameworks */ = {
			isa = PBXFrameworksBuildPhase;
			buildActionMask = 2147483647;
			files = (
			);
			runOnlyForDeploymentPostprocessing = 0;
		};
		A19192101F44E8390071FF62 /* Frameworks */ = {
			isa = PBXFrameworksBuildPhase;
			buildActionMask = 2147483647;
			files = (
				3D05FF5626CCAF8000C5A26B /* Yaml.xcframework in Frameworks */,
				3D05FF5C26CCAF8000C5A26B /* Resolver.xcframework in Frameworks */,
				3D7BAED023D15CB700CF5299 /* PMKFoundation in Frameworks */,
				3D31C17A23D00AF10039F0D7 /* PromiseKit in Frameworks */,
				3D05FF5826CCAF8000C5A26B /* CocoaAsyncSocket.xcframework in Frameworks */,
				3D929E972421544300BF397F /* ServiceManagement.framework in Frameworks */,
				3D05FF7026CCAFC700C5A26B /* CocoaLumberjack.xcframework in Frameworks */,
				3D05FF5A26CCAF8000C5A26B /* lwip.xcframework in Frameworks */,
				3D05FF5E26CCAF8000C5A26B /* tun2socks.xcframework in Frameworks */,
				3D05FF4826CCAF4400C5A26B /* CocoaLumberjackSwift.xcframework in Frameworks */,
				A11070EE207FD0AA00306CE5 /* NetworkExtension.framework in Frameworks */,
				3D82878B23D0064300DFFFC2 /* KeychainAccess in Frameworks */,
				3D05FF4626CCAF4400C5A26B /* NEKit.xcframework in Frameworks */,
			);
			runOnlyForDeploymentPostprocessing = 0;
		};
/* End PBXFrameworksBuildPhase section */

/* Begin PBXGroup section */
		3D31C17723D008A40039F0D7 /* Shared */ = {
			isa = PBXGroup;
			children = (
				3D7BAECA23D1539E00CF5299 /* Client.swift */,
				3D7BAECB23D1539E00CF5299 /* ClientModels.swift */,
				3D31C17423D008980039F0D7 /* Environment.swift */,
				3D5F3ED0237E245700E0AC34 /* FirewallController.swift */,
				3D96CD8123989350007F5C3C /* FirewallUtilities.swift */,
				3D8ED4B82399EB1E003F487E /* Shared.swift */,
				3D82878723D0044A00DFFFC2 /* VPNController.swift */,
				3D6649AA23D2BA8400389AE3 /* LockdownObserverFactory.swift */,
			);
			path = Shared;
			sourceTree = "<group>";
		};
		3D5F3ED8237E26BA00E0AC34 /* Lockdown Mac Tunnel */ = {
			isa = PBXGroup;
			children = (
				3D5F3ED9237E26BA00E0AC34 /* PacketTunnelProvider.swift */,
				3D5F3EDB237E26BA00E0AC34 /* Info.plist */,
				3D5F3EDC237E26BA00E0AC34 /* Lockdown_Mac_Tunnel.entitlements */,
			);
			path = "Lockdown Mac Tunnel";
			sourceTree = "<group>";
		};
		3D929E832421534D00BF397F /* LockdownMacLauncher */ = {
			isa = PBXGroup;
			children = (
				3D929E842421534D00BF397F /* AppDelegate.swift */,
				3D929E882421534F00BF397F /* Assets.xcassets */,
				3D929E8A2421534F00BF397F /* Main.storyboard */,
				3D929E8D2421534F00BF397F /* Info.plist */,
				3D929E8E2421534F00BF397F /* LockdownMacLauncher.entitlements */,
			);
			path = LockdownMacLauncher;
			sourceTree = "<group>";
		};
		3D96CD1323986BBA007F5C3C /* Fonts */ = {
			isa = PBXGroup;
			children = (
				3D7DC79A23D922690082AB66 /* SF-Pro-Rounded-Bold.otf */,
				3D7DC79B23D922690082AB66 /* SF-Pro-Rounded-Medium.otf */,
				3D7DC79C23D922690082AB66 /* SF-Pro-Rounded-Regular.otf */,
				3D7DC79923D922690082AB66 /* SF-Pro-Rounded-Semibold.otf */,
				3D7BAEBB23D1162000CF5299 /* Montserrat-Bold.ttf */,
				3D7BAEB923D1162000CF5299 /* Montserrat-Light.ttf */,
				3D7BAEBA23D1162000CF5299 /* Montserrat-Medium.ttf */,
				3D7BAEBD23D1162000CF5299 /* Montserrat-Regular.ttf */,
				3D7BAEB823D1162000CF5299 /* Montserrat-SemiBold.ttf */,
				3D7BAEBC23D1162000CF5299 /* Montserrat-Thin.ttf */,
			);
			path = Fonts;
			sourceTree = "<group>";
		};
		3D96CD65239892D9007F5C3C /* Block Lists */ = {
			isa = PBXGroup;
			children = (
				3D549AD7251B0DF300AD5386 /* clickbait.txt */,
				3D549AD1251B0DF200AD5386 /* crypto_mining.txt */,
				3D549AD4251B0DF200AD5386 /* data_trackers.txt */,
				3D549ACC251B0DF200AD5386 /* email_opens.txt */,
				3D549AD3251B0DF200AD5386 /* facebook_inc.txt */,
				3D549AD2251B0DF200AD5386 /* facebook_sdk.txt */,
				3D549AD8251B0DF300AD5386 /* game_ads.txt */,
				3D549ACE251B0DF200AD5386 /* general_ads.txt */,
				3DA56404263927E300C9D606 /* amazon_trackers.txt */,
				3D549AD5251B0DF200AD5386 /* google_shopping_ads.txt */,
				3D549ACB251B0DF200AD5386 /* marketing_beta.txt */,
				3D549AD6251B0DF200AD5386 /* marketing.txt */,
				3D549ACD251B0DF200AD5386 /* ransomware.txt */,
				3D549ACF251B0DF200AD5386 /* reporting.txt */,
				3D549AD0251B0DF200AD5386 /* snapchat_analytics.txt */,
			);
			path = "Block Lists";
			sourceTree = "<group>";
		};
		A191920A1F44E8390071FF62 = {
			isa = PBXGroup;
			children = (
				3D31C17723D008A40039F0D7 /* Shared */,
				A19192151F44E8390071FF62 /* LockdownMac */,
				3D5F3ED8237E26BA00E0AC34 /* Lockdown Mac Tunnel */,
				A18767BC1FC5273100869A94 /* LockdownMac.entitlements */,
				A1769104207FA2F600CAF05C /* LICENSE.md */,
				3D96CD65239892D9007F5C3C /* Block Lists */,
				3D96CD1323986BBA007F5C3C /* Fonts */,
				3D929E832421534D00BF397F /* LockdownMacLauncher */,
				A19192141F44E8390071FF62 /* Products */,
				A19192431F45249C0071FF62 /* Frameworks */,
			);
			sourceTree = "<group>";
		};
		A19192141F44E8390071FF62 /* Products */ = {
			isa = PBXGroup;
			children = (
				A19192131F44E8390071FF62 /* Lockdown.app */,
				3D5F3ED7237E26BA00E0AC34 /* Lockdown Mac Tunnel.appex */,
				3D929E822421534D00BF397F /* LockdownMacLauncher.app */,
			);
			name = Products;
			sourceTree = "<group>";
		};
		A19192151F44E8390071FF62 /* LockdownMac */ = {
			isa = PBXGroup;
			children = (
				A19192161F44E8390071FF62 /* AppDelegate.swift */,
				3D96CD0F23984C48007F5C3C /* ContentView.swift */,
				3D1AF4EA23D833160097341B /* LoadingCircle.swift */,
				3D7CCD10239B177D00A5E0F2 /* BlockLogView.swift */,
				3D6649AD23D2BAFD00389AE3 /* BlockMetricsView.swift */,
				3D7CCD12239B28E100A5E0F2 /* BlockListsView.swift */,
				3D7DC79723D919680082AB66 /* SetRegionView.swift */,
				3D7DC7A323D9484C0082AB66 /* MenuView.swift */,
				3D7DC7A123D938ED0082AB66 /* WhitelistView.swift */,
				3D4366FB23D3C16C0011A461 /* EmailLoginView.swift */,
				3DC605E523EE3BD900B30DB3 /* LocalLogger.swift */,
				3D8ED4B42399EA5A003F487E /* DomainsModalView.swift */,
				3D96CD11239861D7007F5C3C /* Main.storyboard */,
				A191921A1F44E8390071FF62 /* Assets.xcassets */,
				A191921F1F44E8390071FF62 /* Info.plist */,
			);
			path = LockdownMac;
			sourceTree = "<group>";
		};
		A19192431F45249C0071FF62 /* Frameworks */ = {
			isa = PBXGroup;
			children = (
				3D05FF5126CCAF8000C5A26B /* CocoaAsyncSocket.xcframework */,
				3D05FF5226CCAF8000C5A26B /* lwip.xcframework */,
				3D05FF5526CCAF8000C5A26B /* MMDB.xcframework */,
				3D05FF5326CCAF8000C5A26B /* Resolver.xcframework */,
				3D05FF5426CCAF8000C5A26B /* tun2socks.xcframework */,
				3D05FF5026CCAF8000C5A26B /* Yaml.xcframework */,
				3D05FF4526CCAF4400C5A26B /* CocoaLumberjack.xcframework */,
				3D05FF4426CCAF4400C5A26B /* CocoaLumberjackSwift.xcframework */,
				3D05FF4326CCAF4400C5A26B /* NEKit.xcframework */,
				3D929E962421544200BF397F /* ServiceManagement.framework */,
				3D8ED4BB239A2322003F487E /* CloudKit.framework */,
				A1769109207FCD1F00CAF05C /* NetworkExtension.framework */,
				A1BA1EC32072C15E00DADDEC /* CocoaAsyncSocket.framework */,
				A1BA1EBE2072C15D00DADDEC /* CocoaLumberjack.framework */,
				A1BA1EBF2072C15D00DADDEC /* CocoaLumberjackSwift.framework */,
				A1BA1EC42072C15E00DADDEC /* lwip.framework */,
				A1BA1EBC2072C15D00DADDEC /* MMDB.framework */,
				A1BA1EBD2072C15D00DADDEC /* NEKit.framework */,
				A1BA1EC02072C15D00DADDEC /* Resolver.framework */,
				A1BA1EC12072C15D00DADDEC /* Sodium.framework */,
				A1BA1EBB2072C15D00DADDEC /* tun2socks.framework */,
				A1BA1EC22072C15D00DADDEC /* Yaml.framework */,
				A1D85F11207D05CB00B766E0 /* Cocoa.framework */,
			);
			name = Frameworks;
			sourceTree = "<group>";
		};
/* End PBXGroup section */

/* Begin PBXNativeTarget section */
		3D5F3ED6237E26BA00E0AC34 /* Lockdown Mac Tunnel */ = {
			isa = PBXNativeTarget;
			buildConfigurationList = 3D5F3EE0237E26BA00E0AC34 /* Build configuration list for PBXNativeTarget "Lockdown Mac Tunnel" */;
			buildPhases = (
				3D5F3ED3237E26BA00E0AC34 /* Sources */,
				3D5F3ED4237E26BA00E0AC34 /* Frameworks */,
				3D5F3ED5237E26BA00E0AC34 /* Resources */,
				3D05FF4F26CCAF5F00C5A26B /* Embed Frameworks */,
			);
			buildRules = (
			);
			dependencies = (
			);
			name = "Lockdown Mac Tunnel";
			packageProductDependencies = (
				3DD1907C2436B81300DFC597 /* KeychainAccess */,
			);
			productName = "Lockdown Mac Tunnel";
			productReference = 3D5F3ED7237E26BA00E0AC34 /* Lockdown Mac Tunnel.appex */;
			productType = "com.apple.product-type.app-extension";
		};
		3D929E812421534D00BF397F /* LockdownMacLauncher */ = {
			isa = PBXNativeTarget;
			buildConfigurationList = 3D929E912421534F00BF397F /* Build configuration list for PBXNativeTarget "LockdownMacLauncher" */;
			buildPhases = (
				3D929E7E2421534D00BF397F /* Sources */,
				3D929E7F2421534D00BF397F /* Frameworks */,
				3D929E802421534D00BF397F /* Resources */,
			);
			buildRules = (
			);
			dependencies = (
			);
			name = LockdownMacLauncher;
			packageProductDependencies = (
			);
			productName = LockdownMacLauncher;
			productReference = 3D929E822421534D00BF397F /* LockdownMacLauncher.app */;
			productType = "com.apple.product-type.application";
		};
		A19192121F44E8390071FF62 /* Lockdown */ = {
			isa = PBXNativeTarget;
			buildConfigurationList = A19192381F44E8390071FF62 /* Build configuration list for PBXNativeTarget "Lockdown" */;
			buildPhases = (
				A191920F1F44E8390071FF62 /* Sources */,
				A19192101F44E8390071FF62 /* Frameworks */,
				A19192111F44E8390071FF62 /* Resources */,
				A1BA1EB92072C05A00DADDEC /* Embed App Extensions */,
				3D929E942421541E00BF397F /* CopyFiles */,
				3D05FF4C26CCAF4400C5A26B /* Embed Frameworks */,
			);
			buildRules = (
			);
			dependencies = (
				3D5F3EDE237E26BA00E0AC34 /* PBXTargetDependency */,
			);
			name = Lockdown;
			packageProductDependencies = (
				3D82878A23D0064300DFFFC2 /* KeychainAccess */,
				3D31C17923D00AF10039F0D7 /* PromiseKit */,
				3D7BAECF23D15CB700CF5299 /* PMKFoundation */,
			);
			productName = TrustMac;
			productReference = A19192131F44E8390071FF62 /* Lockdown.app */;
			productType = "com.apple.product-type.application";
		};
/* End PBXNativeTarget section */

/* Begin PBXProject section */
		A191920B1F44E8390071FF62 /* Project object */ = {
			isa = PBXProject;
			attributes = {
				LastSwiftUpdateCheck = 1130;
				LastUpgradeCheck = 0910;
				ORGANIZATIONNAME = "Confirmed, Inc.";
				TargetAttributes = {
					3D5F3ED6237E26BA00E0AC34 = {
						CreatedOnToolsVersion = 11.2;
						DevelopmentTeam = V8J3Z26F6Z;
						ProvisioningStyle = Automatic;
					};
					3D929E812421534D00BF397F = {
						CreatedOnToolsVersion = 11.3.1;
					};
					A19192121F44E8390071FF62 = {
						CreatedOnToolsVersion = 8.3.3;
						DevelopmentTeam = V8J3Z26F6Z;
						LastSwiftMigration = 0920;
						ProvisioningStyle = Automatic;
						SystemCapabilities = {
							com.apple.ApplicationGroups.Mac = {
								enabled = 1;
							};
							com.apple.Keychain = {
								enabled = 1;
							};
							com.apple.NetworkExtensions = {
								enabled = 0;
							};
							com.apple.Sandbox = {
								enabled = 0;
							};
							com.apple.VPNLite = {
								enabled = 1;
							};
							com.apple.iCloud = {
								enabled = 1;
							};
						};
					};
				};
			};
			buildConfigurationList = A191920E1F44E8390071FF62 /* Build configuration list for PBXProject "LockdownMac" */;
			compatibilityVersion = "Xcode 3.2";
			developmentRegion = English;
			hasScannedForEncodings = 0;
			knownRegions = (
				English,
				en,
				Base,
				de,
				ja,
				es,
				"pt-BR",
				ru,
				nl,
				"pt-PT",
			);
			mainGroup = A191920A1F44E8390071FF62;
			packageReferences = (
				3D82878923D0064300DFFFC2 /* XCRemoteSwiftPackageReference "KeychainAccess" */,
				3D31C17823D00AF10039F0D7 /* XCRemoteSwiftPackageReference "PromiseKit" */,
				3D7BAECE23D15CB700CF5299 /* XCRemoteSwiftPackageReference "Foundation" */,
			);
			productRefGroup = A19192141F44E8390071FF62 /* Products */;
			projectDirPath = "";
			projectRoot = "";
			targets = (
				A19192121F44E8390071FF62 /* Lockdown */,
				3D5F3ED6237E26BA00E0AC34 /* Lockdown Mac Tunnel */,
				3D929E812421534D00BF397F /* LockdownMacLauncher */,
			);
		};
/* End PBXProject section */

/* Begin PBXResourcesBuildPhase section */
		3D5F3ED5237E26BA00E0AC34 /* Resources */ = {
			isa = PBXResourcesBuildPhase;
			buildActionMask = 2147483647;
			files = (
			);
			runOnlyForDeploymentPostprocessing = 0;
		};
		3D929E802421534D00BF397F /* Resources */ = {
			isa = PBXResourcesBuildPhase;
			buildActionMask = 2147483647;
			files = (
				3D929E892421534F00BF397F /* Assets.xcassets in Resources */,
				3D929E8C2421534F00BF397F /* Main.storyboard in Resources */,
			);
			runOnlyForDeploymentPostprocessing = 0;
		};
		A19192111F44E8390071FF62 /* Resources */ = {
			isa = PBXResourcesBuildPhase;
			buildActionMask = 2147483647;
			files = (
				3D7BAEC523D1165900CF5299 /* Montserrat-Light.ttf in Resources */,
				3D549AE5251B0DF300AD5386 /* clickbait.txt in Resources */,
				3D7BAEC623D1165900CF5299 /* Montserrat-Medium.ttf in Resources */,
				3D7BAEC723D1165900CF5299 /* Montserrat-Regular.ttf in Resources */,
				3D7BAEC823D1165900CF5299 /* Montserrat-SemiBold.ttf in Resources */,
				3D7BAEC923D1165900CF5299 /* Montserrat-Thin.ttf in Resources */,
				3D549ADE251B0DF300AD5386 /* snapchat_analytics.txt in Resources */,
				3D549ADC251B0DF300AD5386 /* general_ads.txt in Resources */,
				3D549AE1251B0DF300AD5386 /* facebook_inc.txt in Resources */,
				3D99DB7A26392FF90005CDB6 /* amazon_trackers.txt in Resources */,
				3D549AE2251B0DF300AD5386 /* data_trackers.txt in Resources */,
				3D7BAEC423D1165400CF5299 /* Montserrat-Bold.ttf in Resources */,
				3D549AE6251B0DF300AD5386 /* game_ads.txt in Resources */,
				3D96CD1223986232007F5C3C /* Main.storyboard in Resources */,
				3D549ADF251B0DF300AD5386 /* crypto_mining.txt in Resources */,
				3D549AE4251B0DF300AD5386 /* marketing.txt in Resources */,
				3D549AE0251B0DF300AD5386 /* facebook_sdk.txt in Resources */,
				3D549ADA251B0DF300AD5386 /* email_opens.txt in Resources */,
				3D549ADD251B0DF300AD5386 /* reporting.txt in Resources */,
				3D7DC79E23D922690082AB66 /* SF-Pro-Rounded-Bold.otf in Resources */,
				3D549AE3251B0DF300AD5386 /* google_shopping_ads.txt in Resources */,
				A191921B1F44E8390071FF62 /* Assets.xcassets in Resources */,
				3D7DC79D23D922690082AB66 /* SF-Pro-Rounded-Semibold.otf in Resources */,
				3D549ADB251B0DF300AD5386 /* ransomware.txt in Resources */,
				A1769105207FA2F600CAF05C /* LICENSE.md in Resources */,
				3D7DC79F23D922690082AB66 /* SF-Pro-Rounded-Medium.otf in Resources */,
				3D7DC7A023D922690082AB66 /* SF-Pro-Rounded-Regular.otf in Resources */,
				3D549AD9251B0DF300AD5386 /* marketing_beta.txt in Resources */,
			);
			runOnlyForDeploymentPostprocessing = 0;
		};
/* End PBXResourcesBuildPhase section */

/* Begin PBXSourcesBuildPhase section */
		3D5F3ED3237E26BA00E0AC34 /* Sources */ = {
			isa = PBXSourcesBuildPhase;
			buildActionMask = 2147483647;
			files = (
				3D6649AC23D2BA8400389AE3 /* LockdownObserverFactory.swift in Sources */,
				3D8ED4BA239A221D003F487E /* Shared.swift in Sources */,
				3D31C17623D008980039F0D7 /* Environment.swift in Sources */,
				3D96CD8323989350007F5C3C /* FirewallUtilities.swift in Sources */,
				3D5F3EDA237E26BA00E0AC34 /* PacketTunnelProvider.swift in Sources */,
			);
			runOnlyForDeploymentPostprocessing = 0;
		};
		3D929E7E2421534D00BF397F /* Sources */ = {
			isa = PBXSourcesBuildPhase;
			buildActionMask = 2147483647;
			files = (
				3D929E852421534D00BF397F /* AppDelegate.swift in Sources */,
			);
			runOnlyForDeploymentPostprocessing = 0;
		};
		A191920F1F44E8390071FF62 /* Sources */ = {
			isa = PBXSourcesBuildPhase;
			buildActionMask = 2147483647;
			files = (
				3D8ED4B52399EA5A003F487E /* DomainsModalView.swift in Sources */,
				3D96CD8223989350007F5C3C /* FirewallUtilities.swift in Sources */,
				3D7BAECC23D1539E00CF5299 /* Client.swift in Sources */,
				3D7DC7A423D9484C0082AB66 /* MenuView.swift in Sources */,
				3D82878823D0044A00DFFFC2 /* VPNController.swift in Sources */,
				3D5F3ED1237E245700E0AC34 /* FirewallController.swift in Sources */,
				3D6649AB23D2BA8400389AE3 /* LockdownObserverFactory.swift in Sources */,
				3D7CCD13239B28E100A5E0F2 /* BlockListsView.swift in Sources */,
				A19192171F44E8390071FF62 /* AppDelegate.swift in Sources */,
				3D7DC7A223D938ED0082AB66 /* WhitelistView.swift in Sources */,
				3D7CCD11239B177D00A5E0F2 /* BlockLogView.swift in Sources */,
				3D31C17523D008980039F0D7 /* Environment.swift in Sources */,
				3D7DC79823D919680082AB66 /* SetRegionView.swift in Sources */,
				3D4366FC23D3C16C0011A461 /* EmailLoginView.swift in Sources */,
				3D6649AE23D2BAFD00389AE3 /* BlockMetricsView.swift in Sources */,
				3D8ED4B92399EB1E003F487E /* Shared.swift in Sources */,
				3D96CD1023984C48007F5C3C /* ContentView.swift in Sources */,
				3D1AF4EB23D833160097341B /* LoadingCircle.swift in Sources */,
				3D7BAECD23D1539E00CF5299 /* ClientModels.swift in Sources */,
				3DC605E623EE3BD900B30DB3 /* LocalLogger.swift in Sources */,
			);
			runOnlyForDeploymentPostprocessing = 0;
		};
/* End PBXSourcesBuildPhase section */

/* Begin PBXTargetDependency section */
		3D5F3EDE237E26BA00E0AC34 /* PBXTargetDependency */ = {
			isa = PBXTargetDependency;
			target = 3D5F3ED6237E26BA00E0AC34 /* Lockdown Mac Tunnel */;
			targetProxy = 3D5F3EDD237E26BA00E0AC34 /* PBXContainerItemProxy */;
		};
/* End PBXTargetDependency section */

/* Begin PBXVariantGroup section */
		3D929E8A2421534F00BF397F /* Main.storyboard */ = {
			isa = PBXVariantGroup;
			children = (
				3D929E8B2421534F00BF397F /* Base */,
			);
			name = Main.storyboard;
			sourceTree = "<group>";
		};
/* End PBXVariantGroup section */

/* Begin XCBuildConfiguration section */
		3D5F3EE1237E26BA00E0AC34 /* Debug */ = {
			isa = XCBuildConfiguration;
			buildSettings = {
				CLANG_CXX_LANGUAGE_STANDARD = "gnu++14";
				CLANG_ENABLE_OBJC_WEAK = YES;
				CLANG_WARN_DEPRECATED_OBJC_IMPLEMENTATIONS = YES;
				CLANG_WARN_OBJC_IMPLICIT_RETAIN_SELF = YES;
				CLANG_WARN_UNGUARDED_AVAILABILITY = YES_AGGRESSIVE;
				CODE_SIGN_ENTITLEMENTS = "Lockdown Mac Tunnel/Lockdown_Mac_Tunnel.entitlements";
				CODE_SIGN_IDENTITY = "Apple Development";
				CODE_SIGN_STYLE = Automatic;
				CURRENT_PROJECT_VERSION = 1;
				DEVELOPMENT_TEAM = V8J3Z26F6Z;
				ENABLE_HARDENED_RUNTIME = YES;
				FRAMEWORK_SEARCH_PATHS = (
					"$(inherited)",
					"$(PROJECT_DIR)/Carthage/Build/Mac",
				);
				GCC_C_LANGUAGE_STANDARD = gnu11;
				INFOPLIST_FILE = "Lockdown Mac Tunnel/Info.plist";
				LD_RUNPATH_SEARCH_PATHS = (
					"$(inherited)",
					"@executable_path/../Frameworks",
					"@executable_path/../../../../Frameworks",
				);
				MACOSX_DEPLOYMENT_TARGET = 10.15;
				MARKETING_VERSION = 1.2.9;
				MTL_ENABLE_DEBUG_INFO = INCLUDE_SOURCE;
				MTL_FAST_MATH = YES;
				PRODUCT_BUNDLE_IDENTIFIER = "com.confirmed.lockdownMac.Lockdown-Mac-Tunnel";
				PRODUCT_NAME = "$(TARGET_NAME)";
				PROVISIONING_PROFILE_SPECIFIER = "";
				SKIP_INSTALL = YES;
				SWIFT_VERSION = 4.2;
			};
			name = Debug;
		};
		3D5F3EE2237E26BA00E0AC34 /* Release */ = {
			isa = XCBuildConfiguration;
			buildSettings = {
				CLANG_CXX_LANGUAGE_STANDARD = "gnu++14";
				CLANG_ENABLE_OBJC_WEAK = YES;
				CLANG_WARN_DEPRECATED_OBJC_IMPLEMENTATIONS = YES;
				CLANG_WARN_OBJC_IMPLICIT_RETAIN_SELF = YES;
				CLANG_WARN_UNGUARDED_AVAILABILITY = YES_AGGRESSIVE;
				CODE_SIGN_ENTITLEMENTS = "Lockdown Mac Tunnel/Lockdown_Mac_Tunnel.entitlements";
				CODE_SIGN_IDENTITY = "Apple Development";
				CODE_SIGN_STYLE = Automatic;
				CURRENT_PROJECT_VERSION = 1;
				DEVELOPMENT_TEAM = V8J3Z26F6Z;
				ENABLE_HARDENED_RUNTIME = YES;
				FRAMEWORK_SEARCH_PATHS = (
					"$(inherited)",
					"$(PROJECT_DIR)/Carthage/Build/Mac",
				);
				GCC_C_LANGUAGE_STANDARD = gnu11;
				INFOPLIST_FILE = "Lockdown Mac Tunnel/Info.plist";
				LD_RUNPATH_SEARCH_PATHS = (
					"$(inherited)",
					"@executable_path/../Frameworks",
					"@executable_path/../../../../Frameworks",
				);
				MACOSX_DEPLOYMENT_TARGET = 10.15;
				MARKETING_VERSION = 1.2.9;
				MTL_FAST_MATH = YES;
				PRODUCT_BUNDLE_IDENTIFIER = "com.confirmed.lockdownMac.Lockdown-Mac-Tunnel";
				PRODUCT_NAME = "$(TARGET_NAME)";
				PROVISIONING_PROFILE_SPECIFIER = "";
				SKIP_INSTALL = YES;
				SWIFT_VERSION = 4.2;
			};
			name = Release;
		};
		3D929E8F2421534F00BF397F /* Debug */ = {
			isa = XCBuildConfiguration;
			buildSettings = {
				ASSETCATALOG_COMPILER_APPICON_NAME = AppIcon;
				CLANG_CXX_LANGUAGE_STANDARD = "gnu++14";
				CLANG_ENABLE_OBJC_WEAK = YES;
				CLANG_WARN_DEPRECATED_OBJC_IMPLEMENTATIONS = YES;
				CLANG_WARN_OBJC_IMPLICIT_RETAIN_SELF = YES;
				CLANG_WARN_UNGUARDED_AVAILABILITY = YES_AGGRESSIVE;
				CODE_SIGN_ENTITLEMENTS = LockdownMacLauncher/LockdownMacLauncher.entitlements;
				CODE_SIGN_IDENTITY = "Apple Development";
				CODE_SIGN_STYLE = Automatic;
				COMBINE_HIDPI_IMAGES = YES;
				CURRENT_PROJECT_VERSION = 47;
				DEVELOPMENT_TEAM = V8J3Z26F6Z;
				ENABLE_HARDENED_RUNTIME = YES;
				GCC_C_LANGUAGE_STANDARD = gnu11;
				INFOPLIST_FILE = LockdownMacLauncher/Info.plist;
				LD_RUNPATH_SEARCH_PATHS = (
					"$(inherited)",
					"@executable_path/../Frameworks",
				);
				MARKETING_VERSION = 1.2.9;
				MTL_ENABLE_DEBUG_INFO = INCLUDE_SOURCE;
				MTL_FAST_MATH = YES;
				PRODUCT_BUNDLE_IDENTIFIER = com.confirmed.LockdownMacLauncher;
				PRODUCT_NAME = "$(TARGET_NAME)";
				SKIP_INSTALL = YES;
				SWIFT_VERSION = 5.0;
			};
			name = Debug;
		};
		3D929E902421534F00BF397F /* Release */ = {
			isa = XCBuildConfiguration;
			buildSettings = {
				ASSETCATALOG_COMPILER_APPICON_NAME = AppIcon;
				CLANG_CXX_LANGUAGE_STANDARD = "gnu++14";
				CLANG_ENABLE_OBJC_WEAK = YES;
				CLANG_WARN_DEPRECATED_OBJC_IMPLEMENTATIONS = YES;
				CLANG_WARN_OBJC_IMPLICIT_RETAIN_SELF = YES;
				CLANG_WARN_UNGUARDED_AVAILABILITY = YES_AGGRESSIVE;
				CODE_SIGN_ENTITLEMENTS = LockdownMacLauncher/LockdownMacLauncher.entitlements;
				CODE_SIGN_IDENTITY = "Apple Development";
				CODE_SIGN_STYLE = Automatic;
				COMBINE_HIDPI_IMAGES = YES;
				CURRENT_PROJECT_VERSION = 47;
				DEVELOPMENT_TEAM = V8J3Z26F6Z;
				ENABLE_HARDENED_RUNTIME = YES;
				GCC_C_LANGUAGE_STANDARD = gnu11;
				INFOPLIST_FILE = LockdownMacLauncher/Info.plist;
				LD_RUNPATH_SEARCH_PATHS = (
					"$(inherited)",
					"@executable_path/../Frameworks",
				);
				MARKETING_VERSION = 1.2.9;
				MTL_FAST_MATH = YES;
				PRODUCT_BUNDLE_IDENTIFIER = com.confirmed.LockdownMacLauncher;
				PRODUCT_NAME = "$(TARGET_NAME)";
				SKIP_INSTALL = YES;
				SWIFT_VERSION = 5.0;
			};
			name = Release;
		};
		A19192361F44E8390071FF62 /* Debug */ = {
			isa = XCBuildConfiguration;
			buildSettings = {
				ALWAYS_SEARCH_USER_PATHS = NO;
				CLANG_ANALYZER_NONNULL = YES;
				CLANG_ANALYZER_NUMBER_OBJECT_CONVERSION = YES_AGGRESSIVE;
				CLANG_CXX_LANGUAGE_STANDARD = "gnu++0x";
				CLANG_CXX_LIBRARY = "libc++";
				CLANG_ENABLE_MODULES = YES;
				CLANG_ENABLE_OBJC_ARC = YES;
				CLANG_WARN_BLOCK_CAPTURE_AUTORELEASING = YES;
				CLANG_WARN_BOOL_CONVERSION = YES;
				CLANG_WARN_COMMA = YES;
				CLANG_WARN_CONSTANT_CONVERSION = YES;
				CLANG_WARN_DIRECT_OBJC_ISA_USAGE = YES_ERROR;
				CLANG_WARN_DOCUMENTATION_COMMENTS = YES;
				CLANG_WARN_EMPTY_BODY = YES;
				CLANG_WARN_ENUM_CONVERSION = YES;
				CLANG_WARN_INFINITE_RECURSION = YES;
				CLANG_WARN_INT_CONVERSION = YES;
				CLANG_WARN_NON_LITERAL_NULL_CONVERSION = YES;
				CLANG_WARN_OBJC_LITERAL_CONVERSION = YES;
				CLANG_WARN_OBJC_ROOT_CLASS = YES_ERROR;
				CLANG_WARN_RANGE_LOOP_ANALYSIS = YES;
				CLANG_WARN_STRICT_PROTOTYPES = YES;
				CLANG_WARN_SUSPICIOUS_MOVE = YES;
				CLANG_WARN_UNREACHABLE_CODE = YES;
				CLANG_WARN__DUPLICATE_METHOD_MATCH = YES;
				CODE_SIGN_IDENTITY = "-";
				COPY_PHASE_STRIP = NO;
				DEBUG_INFORMATION_FORMAT = dwarf;
				DISABLE_DIAMOND_PROBLEM_DIAGNOSTIC = 1;
				ENABLE_STRICT_OBJC_MSGSEND = YES;
				ENABLE_TESTABILITY = YES;
				GCC_C_LANGUAGE_STANDARD = gnu99;
				GCC_DYNAMIC_NO_PIC = NO;
				GCC_NO_COMMON_BLOCKS = YES;
				GCC_OPTIMIZATION_LEVEL = 0;
				GCC_PREPROCESSOR_DEFINITIONS = (
					"DEBUG=1",
					"$(inherited)",
				);
				GCC_WARN_64_TO_32_BIT_CONVERSION = YES;
				GCC_WARN_ABOUT_RETURN_TYPE = YES_ERROR;
				GCC_WARN_UNDECLARED_SELECTOR = YES;
				GCC_WARN_UNINITIALIZED_AUTOS = YES_AGGRESSIVE;
				GCC_WARN_UNUSED_FUNCTION = YES;
				GCC_WARN_UNUSED_VARIABLE = YES;
				MACOSX_DEPLOYMENT_TARGET = 10.15;
				MTL_ENABLE_DEBUG_INFO = YES;
				ONLY_ACTIVE_ARCH = YES;
				SDKROOT = macosx;
				SWIFT_ACTIVE_COMPILATION_CONDITIONS = DEBUG;
				SWIFT_OPTIMIZATION_LEVEL = "-Onone";
				SWIFT_VERSION = 4.2;
			};
			name = Debug;
		};
		A19192371F44E8390071FF62 /* Release */ = {
			isa = XCBuildConfiguration;
			buildSettings = {
				ALWAYS_SEARCH_USER_PATHS = NO;
				CLANG_ANALYZER_NONNULL = YES;
				CLANG_ANALYZER_NUMBER_OBJECT_CONVERSION = YES_AGGRESSIVE;
				CLANG_CXX_LANGUAGE_STANDARD = "gnu++0x";
				CLANG_CXX_LIBRARY = "libc++";
				CLANG_ENABLE_MODULES = YES;
				CLANG_ENABLE_OBJC_ARC = YES;
				CLANG_WARN_BLOCK_CAPTURE_AUTORELEASING = YES;
				CLANG_WARN_BOOL_CONVERSION = YES;
				CLANG_WARN_COMMA = YES;
				CLANG_WARN_CONSTANT_CONVERSION = YES;
				CLANG_WARN_DIRECT_OBJC_ISA_USAGE = YES_ERROR;
				CLANG_WARN_DOCUMENTATION_COMMENTS = YES;
				CLANG_WARN_EMPTY_BODY = YES;
				CLANG_WARN_ENUM_CONVERSION = YES;
				CLANG_WARN_INFINITE_RECURSION = YES;
				CLANG_WARN_INT_CONVERSION = YES;
				CLANG_WARN_NON_LITERAL_NULL_CONVERSION = YES;
				CLANG_WARN_OBJC_LITERAL_CONVERSION = YES;
				CLANG_WARN_OBJC_ROOT_CLASS = YES_ERROR;
				CLANG_WARN_RANGE_LOOP_ANALYSIS = YES;
				CLANG_WARN_STRICT_PROTOTYPES = YES;
				CLANG_WARN_SUSPICIOUS_MOVE = YES;
				CLANG_WARN_UNREACHABLE_CODE = YES;
				CLANG_WARN__DUPLICATE_METHOD_MATCH = YES;
				CODE_SIGN_IDENTITY = "-";
				COPY_PHASE_STRIP = NO;
				DEBUG_INFORMATION_FORMAT = "dwarf-with-dsym";
				DISABLE_DIAMOND_PROBLEM_DIAGNOSTIC = 1;
				ENABLE_NS_ASSERTIONS = NO;
				ENABLE_STRICT_OBJC_MSGSEND = YES;
				GCC_C_LANGUAGE_STANDARD = gnu99;
				GCC_NO_COMMON_BLOCKS = YES;
				GCC_WARN_64_TO_32_BIT_CONVERSION = YES;
				GCC_WARN_ABOUT_RETURN_TYPE = YES_ERROR;
				GCC_WARN_UNDECLARED_SELECTOR = YES;
				GCC_WARN_UNINITIALIZED_AUTOS = YES_AGGRESSIVE;
				GCC_WARN_UNUSED_FUNCTION = YES;
				GCC_WARN_UNUSED_VARIABLE = YES;
				MACOSX_DEPLOYMENT_TARGET = 10.15;
				MTL_ENABLE_DEBUG_INFO = NO;
				SDKROOT = macosx;
				SWIFT_COMPILATION_MODE = wholemodule;
				SWIFT_OPTIMIZATION_LEVEL = "-O";
				SWIFT_VERSION = 4.2;
			};
			name = Release;
		};
		A19192391F44E8390071FF62 /* Debug */ = {
			isa = XCBuildConfiguration;
			buildSettings = {
				ALWAYS_EMBED_SWIFT_STANDARD_LIBRARIES = YES;
				ASSETCATALOG_COMPILER_APPICON_NAME = AppIcon;
				CLANG_ENABLE_MODULES = YES;
				CODE_SIGN_ENTITLEMENTS = LockdownMac.entitlements;
				CODE_SIGN_IDENTITY = "Apple Development";
				CODE_SIGN_STYLE = Automatic;
				COMBINE_HIDPI_IMAGES = YES;
				CURRENT_PROJECT_VERSION = 1;
				DEBUG_INFORMATION_FORMAT = "dwarf-with-dsym";
				DEVELOPMENT_TEAM = V8J3Z26F6Z;
				ENABLE_HARDENED_RUNTIME = YES;
				FRAMEWORK_SEARCH_PATHS = (
					"$(inherited)",
					"$(PROJECT_DIR)/Carthage/Build/Mac",
				);
				INFOPLIST_FILE = LockdownMac/Info.plist;
				LD_RUNPATH_SEARCH_PATHS = (
					"$(inherited)",
					"@executable_path/../Frameworks",
				);
				MACOSX_DEPLOYMENT_TARGET = 10.15;
				MARKETING_VERSION = 1.2.9;
				PRODUCT_BUNDLE_IDENTIFIER = com.confirmed.lockdownMac;
				PRODUCT_NAME = "$(TARGET_NAME)";
				PROVISIONING_PROFILE = "";
				PROVISIONING_PROFILE_SPECIFIER = "";
				SWIFT_OPTIMIZATION_LEVEL = "-Onone";
				SWIFT_VERSION = 4.2;
			};
			name = Debug;
		};
		A191923A1F44E8390071FF62 /* Release */ = {
			isa = XCBuildConfiguration;
			buildSettings = {
				ALWAYS_EMBED_SWIFT_STANDARD_LIBRARIES = YES;
				ASSETCATALOG_COMPILER_APPICON_NAME = AppIcon;
				CLANG_ENABLE_MODULES = YES;
				CODE_SIGN_ENTITLEMENTS = LockdownMac.entitlements;
				CODE_SIGN_IDENTITY = "Apple Development";
				CODE_SIGN_STYLE = Automatic;
				COMBINE_HIDPI_IMAGES = YES;
				CURRENT_PROJECT_VERSION = 1;
				DEVELOPMENT_TEAM = V8J3Z26F6Z;
				ENABLE_HARDENED_RUNTIME = YES;
				FRAMEWORK_SEARCH_PATHS = (
					"$(inherited)",
					"$(PROJECT_DIR)/Carthage/Build/Mac",
				);
				INFOPLIST_FILE = LockdownMac/Info.plist;
				LD_RUNPATH_SEARCH_PATHS = (
					"$(inherited)",
					"@executable_path/../Frameworks",
				);
				MACOSX_DEPLOYMENT_TARGET = 10.15;
				MARKETING_VERSION = 1.2.9;
				PRODUCT_BUNDLE_IDENTIFIER = com.confirmed.lockdownMac;
				PRODUCT_NAME = "$(TARGET_NAME)";
				PROVISIONING_PROFILE = "";
				PROVISIONING_PROFILE_SPECIFIER = "";
				SWIFT_VERSION = 4.2;
			};
			name = Release;
		};
/* End XCBuildConfiguration section */

/* Begin XCConfigurationList section */
		3D5F3EE0237E26BA00E0AC34 /* Build configuration list for PBXNativeTarget "Lockdown Mac Tunnel" */ = {
			isa = XCConfigurationList;
			buildConfigurations = (
				3D5F3EE1237E26BA00E0AC34 /* Debug */,
				3D5F3EE2237E26BA00E0AC34 /* Release */,
			);
			defaultConfigurationIsVisible = 0;
			defaultConfigurationName = Release;
		};
		3D929E912421534F00BF397F /* Build configuration list for PBXNativeTarget "LockdownMacLauncher" */ = {
			isa = XCConfigurationList;
			buildConfigurations = (
				3D929E8F2421534F00BF397F /* Debug */,
				3D929E902421534F00BF397F /* Release */,
			);
			defaultConfigurationIsVisible = 0;
			defaultConfigurationName = Release;
		};
		A191920E1F44E8390071FF62 /* Build configuration list for PBXProject "LockdownMac" */ = {
			isa = XCConfigurationList;
			buildConfigurations = (
				A19192361F44E8390071FF62 /* Debug */,
				A19192371F44E8390071FF62 /* Release */,
			);
			defaultConfigurationIsVisible = 0;
			defaultConfigurationName = Release;
		};
		A19192381F44E8390071FF62 /* Build configuration list for PBXNativeTarget "Lockdown" */ = {
			isa = XCConfigurationList;
			buildConfigurations = (
				A19192391F44E8390071FF62 /* Debug */,
				A191923A1F44E8390071FF62 /* Release */,
			);
			defaultConfigurationIsVisible = 0;
			defaultConfigurationName = Release;
		};
/* End XCConfigurationList section */

/* Begin XCRemoteSwiftPackageReference section */
		3D31C17823D00AF10039F0D7 /* XCRemoteSwiftPackageReference "PromiseKit" */ = {
			isa = XCRemoteSwiftPackageReference;
			repositoryURL = "https://github.com/mxcl/PromiseKit.git";
			requirement = {
				kind = upToNextMajorVersion;
				minimumVersion = 6.13.0;
			};
		};
		3D7BAECE23D15CB700CF5299 /* XCRemoteSwiftPackageReference "Foundation" */ = {
			isa = XCRemoteSwiftPackageReference;
			repositoryURL = "https://github.com/PromiseKit/Foundation.git";
			requirement = {
				kind = upToNextMajorVersion;
				minimumVersion = 3.3.4;
			};
		};
		3D82878923D0064300DFFFC2 /* XCRemoteSwiftPackageReference "KeychainAccess" */ = {
			isa = XCRemoteSwiftPackageReference;
			repositoryURL = "https://github.com/kishikawakatsumi/KeychainAccess.git";
			requirement = {
				kind = upToNextMajorVersion;
				minimumVersion = 4.1.0;
			};
		};
/* End XCRemoteSwiftPackageReference section */

/* Begin XCSwiftPackageProductDependency section */
		3D31C17923D00AF10039F0D7 /* PromiseKit */ = {
			isa = XCSwiftPackageProductDependency;
			package = 3D31C17823D00AF10039F0D7 /* XCRemoteSwiftPackageReference "PromiseKit" */;
			productName = PromiseKit;
		};
		3D7BAECF23D15CB700CF5299 /* PMKFoundation */ = {
			isa = XCSwiftPackageProductDependency;
			package = 3D7BAECE23D15CB700CF5299 /* XCRemoteSwiftPackageReference "Foundation" */;
			productName = PMKFoundation;
		};
		3D82878A23D0064300DFFFC2 /* KeychainAccess */ = {
			isa = XCSwiftPackageProductDependency;
			package = 3D82878923D0064300DFFFC2 /* XCRemoteSwiftPackageReference "KeychainAccess" */;
			productName = KeychainAccess;
		};
		3DD1907C2436B81300DFC597 /* KeychainAccess */ = {
			isa = XCSwiftPackageProductDependency;
			package = 3D82878923D0064300DFFFC2 /* XCRemoteSwiftPackageReference "KeychainAccess" */;
			productName = KeychainAccess;
		};
/* End XCSwiftPackageProductDependency section */
	};
	rootObject = A191920B1F44E8390071FF62 /* Project object */;
}
